
Microsoft Visual Studio Solution File, Format Version 12.00
# Visual Studio Version 17
VisualStudioVersion = 17.11.35327.3
MinimumVisualStudioVersion = 10.0.40219.1
Project("{FAE04EC0-301F-11D3-BF4B-00C04F79EFBC}") = "RazorPages", "RazorPages.csproj", "{DF64BF8E-4214-4D85-9EFC-E67C2211098D}"
EndProject
Global
	GlobalSection(SolutionConfigurationPlatforms) = preSolution
		Debug|Any CPU = Debug|Any CPU
		Release|Any CPU = Release|Any CPU
	EndGlobalSection
	GlobalSection(ProjectConfigurationPlatforms) = postSolution
		{DF64BF8E-4214-4D85-9EFC-E67C2211098D}.Debug|Any CPU.ActiveCfg = Debug|Any CPU
		{DF64BF8E-4214-4D85-9EFC-E67C2211098D}.Debug|Any CPU.Build.0 = Debug|Any CPU
		{DF64BF8E-4214-4D85-9EFC-E67C2211098D}.Release|Any CPU.ActiveCfg = Release|Any CPU
		{DF64BF8E-4214-4D85-9EFC-E67C2211098D}.Release|Any CPU.Build.0 = Release|Any CPU
	EndGlobalSection
	GlobalSection(SolutionProperties) = preSolution
		HideSolutionNode = FALSE
	EndGlobalSection
	GlobalSection(ExtensibilityGlobals) = postSolution
		SolutionGuid = {93D07428-317D-477A-AECE-21C68DAA9BD0}
	EndGlobalSection
EndGlobal
